
Microsoft Visual Studio Solution File, Format Version 12.00
# Visual Studio 2012
Project("{FAE04EC0-301F-11D3-BF4B-00C04F79EFBC}") = "TextStyleDemo.Droid", "TextStyleDemo.Droid.csproj", "{3F200488-E8CC-4D07-AE6E-7CB1F57171C4}"
EndProject
Project("{2150E333-8FDC-42A3-9474-1A3956D46DE8}") = "Source", "Source", "{01195146-6E21-4C8F-B96A-7C0DEB88E1BF}"
EndProject
Project("{FAE04EC0-301F-11D3-BF4B-00C04F79EFBC}") = "Styles.Shared", "..\..\..\Src\Shared\Styles.Shared\Styles.Shared.csproj", "{F7DE4405-3FCD-497D-B1B1-BC8351C5804B}"
EndProject
Project("{FAE04EC0-301F-11D3-BF4B-00C04F79EFBC}") = "Styles.Droid", "..\..\..\Src\Shared\Styles.Droid\Styles.Droid.csproj", "{28D4D2A6-E4B6-431A-AD7B-398C13EEB84D}"
EndProject
Project("{FAE04EC0-301F-11D3-BF4B-00C04F79EFBC}") = "Styles.Text.Shared", "..\..\..\Src\Text\Styles.Text.Shared\Styles.Text.Shared.csproj", "{77361526-701C-4DDD-A119-B277E204C87A}"
EndProject
Project("{FAE04EC0-301F-11D3-BF4B-00C04F79EFBC}") = "Styles.Text.Droid", "..\..\..\Src\Text\Styles.Text.Droid\Styles.Text.Droid.csproj", "{4262F506-D03B-40C6-9F3E-1E862E545348}"
EndProject
Global
	GlobalSection(SolutionConfigurationPlatforms) = preSolution
		Debug|Any CPU = Debug|Any CPU
		Release|Any CPU = Release|Any CPU
	EndGlobalSection
	GlobalSection(ProjectConfigurationPlatforms) = postSolution
		{3F200488-E8CC-4D07-AE6E-7CB1F57171C4}.Debug|Any CPU.ActiveCfg = Debug|Any CPU
		{3F200488-E8CC-4D07-AE6E-7CB1F57171C4}.Debug|Any CPU.Build.0 = Debug|Any CPU
		{3F200488-E8CC-4D07-AE6E-7CB1F57171C4}.Release|Any CPU.ActiveCfg = Release|Any CPU
		{3F200488-E8CC-4D07-AE6E-7CB1F57171C4}.Release|Any CPU.Build.0 = Release|Any CPU
		{F7DE4405-3FCD-497D-B1B1-BC8351C5804B}.Debug|Any CPU.ActiveCfg = Debug|Any CPU
		{F7DE4405-3FCD-497D-B1B1-BC8351C5804B}.Debug|Any CPU.Build.0 = Debug|Any CPU
		{F7DE4405-3FCD-497D-B1B1-BC8351C5804B}.Release|Any CPU.ActiveCfg = Release|Any CPU
		{F7DE4405-3FCD-497D-B1B1-BC8351C5804B}.Release|Any CPU.Build.0 = Release|Any CPU
		{28D4D2A6-E4B6-431A-AD7B-398C13EEB84D}.Debug|Any CPU.ActiveCfg = Debug|Any CPU
		{28D4D2A6-E4B6-431A-AD7B-398C13EEB84D}.Debug|Any CPU.Build.0 = Debug|Any CPU
		{28D4D2A6-E4B6-431A-AD7B-398C13EEB84D}.Release|Any CPU.ActiveCfg = Release|Any CPU
		{28D4D2A6-E4B6-431A-AD7B-398C13EEB84D}.Release|Any CPU.Build.0 = Release|Any CPU
		{77361526-701C-4DDD-A119-B277E204C87A}.Debug|Any CPU.ActiveCfg = Debug|Any CPU
		{77361526-701C-4DDD-A119-B277E204C87A}.Debug|Any CPU.Build.0 = Debug|Any CPU
		{77361526-701C-4DDD-A119-B277E204C87A}.Release|Any CPU.ActiveCfg = Release|Any CPU
		{77361526-701C-4DDD-A119-B277E204C87A}.Release|Any CPU.Build.0 = Release|Any CPU
		{4262F506-D03B-40C6-9F3E-1E862E545348}.Debug|Any CPU.ActiveCfg = Debug|Any CPU
		{4262F506-D03B-40C6-9F3E-1E862E545348}.Debug|Any CPU.Build.0 = Debug|Any CPU
		{4262F506-D03B-40C6-9F3E-1E862E545348}.Release|Any CPU.ActiveCfg = Release|Any CPU
		{4262F506-D03B-40C6-9F3E-1E862E545348}.Release|Any CPU.Build.0 = Release|Any CPU
	EndGlobalSection
	GlobalSection(NestedProjects) = preSolution
		{F7DE4405-3FCD-497D-B1B1-BC8351C5804B} = {01195146-6E21-4C8F-B96A-7C0DEB88E1BF}
		{28D4D2A6-E4B6-431A-AD7B-398C13EEB84D} = {01195146-6E21-4C8F-B96A-7C0DEB88E1BF}
		{77361526-701C-4DDD-A119-B277E204C87A} = {01195146-6E21-4C8F-B96A-7C0DEB88E1BF}
		{4262F506-D03B-40C6-9F3E-1E862E545348} = {01195146-6E21-4C8F-B96A-7C0DEB88E1BF}
	EndGlobalSection
EndGlobal
