
Microsoft Visual Studio Solution File, Format Version 12.00
# Visual Studio 2012
Project("{FAE04EC0-301F-11D3-BF4B-00C04F79EFBC}") = "ColorStyleDemo.Droid", "ColorStyleDemo.Droid.csproj", "{74EACB23-5BD3-421B-AF77-5F1283AB194F}"
EndProject
Project("{2150E333-8FDC-42A3-9474-1A3956D46DE8}") = "Styles", "Styles", "{82BEA5C1-F7C7-4E61-A426-0A27E34EC2AA}"
EndProject
Project("{FAE04EC0-301F-11D3-BF4B-00C04F79EFBC}") = "Styles.Shared", "..\..\..\Src\Shared\Styles.Shared\Styles.Shared.csproj", "{F7DE4405-3FCD-497D-B1B1-BC8351C5804B}"
EndProject
Project("{FAE04EC0-301F-11D3-BF4B-00C04F79EFBC}") = "Styles.Droid", "..\..\..\Src\Shared\Styles.Droid\Styles.Droid.csproj", "{28D4D2A6-E4B6-431A-AD7B-398C13EEB84D}"
EndProject
Project("{FAE04EC0-301F-11D3-BF4B-00C04F79EFBC}") = "Styles.Color.Shared", "..\..\..\Src\Color\Styles.Color.Shared\Styles.Color.Shared.csproj", "{3CC91C78-C109-4897-9FAC-18BAE06D9254}"
EndProject
Project("{FAE04EC0-301F-11D3-BF4B-00C04F79EFBC}") = "Styles.Color.Droid", "..\..\..\Src\Color\Styles.Color.Droid\Styles.Color.Droid.csproj", "{C7E7C503-605D-490D-92A7-F86B6654A039}"
EndProject
Global
	GlobalSection(SolutionConfigurationPlatforms) = preSolution
		Debug|Any CPU = Debug|Any CPU
		Release|Any CPU = Release|Any CPU
	EndGlobalSection
	GlobalSection(ProjectConfigurationPlatforms) = postSolution
		{74EACB23-5BD3-421B-AF77-5F1283AB194F}.Debug|Any CPU.ActiveCfg = Debug|Any CPU
		{74EACB23-5BD3-421B-AF77-5F1283AB194F}.Debug|Any CPU.Build.0 = Debug|Any CPU
		{74EACB23-5BD3-421B-AF77-5F1283AB194F}.Release|Any CPU.ActiveCfg = Release|Any CPU
		{74EACB23-5BD3-421B-AF77-5F1283AB194F}.Release|Any CPU.Build.0 = Release|Any CPU
		{F7DE4405-3FCD-497D-B1B1-BC8351C5804B}.Debug|Any CPU.ActiveCfg = Debug|Any CPU
		{F7DE4405-3FCD-497D-B1B1-BC8351C5804B}.Debug|Any CPU.Build.0 = Debug|Any CPU
		{F7DE4405-3FCD-497D-B1B1-BC8351C5804B}.Release|Any CPU.ActiveCfg = Release|Any CPU
		{F7DE4405-3FCD-497D-B1B1-BC8351C5804B}.Release|Any CPU.Build.0 = Release|Any CPU
		{28D4D2A6-E4B6-431A-AD7B-398C13EEB84D}.Debug|Any CPU.ActiveCfg = Debug|Any CPU
		{28D4D2A6-E4B6-431A-AD7B-398C13EEB84D}.Debug|Any CPU.Build.0 = Debug|Any CPU
		{28D4D2A6-E4B6-431A-AD7B-398C13EEB84D}.Release|Any CPU.ActiveCfg = Release|Any CPU
		{28D4D2A6-E4B6-431A-AD7B-398C13EEB84D}.Release|Any CPU.Build.0 = Release|Any CPU
		{3CC91C78-C109-4897-9FAC-18BAE06D9254}.Debug|Any CPU.ActiveCfg = Debug|Any CPU
		{3CC91C78-C109-4897-9FAC-18BAE06D9254}.Debug|Any CPU.Build.0 = Debug|Any CPU
		{3CC91C78-C109-4897-9FAC-18BAE06D9254}.Release|Any CPU.ActiveCfg = Release|Any CPU
		{3CC91C78-C109-4897-9FAC-18BAE06D9254}.Release|Any CPU.Build.0 = Release|Any CPU
		{C7E7C503-605D-490D-92A7-F86B6654A039}.Debug|Any CPU.ActiveCfg = Debug|Any CPU
		{C7E7C503-605D-490D-92A7-F86B6654A039}.Debug|Any CPU.Build.0 = Debug|Any CPU
		{C7E7C503-605D-490D-92A7-F86B6654A039}.Release|Any CPU.ActiveCfg = Release|Any CPU
		{C7E7C503-605D-490D-92A7-F86B6654A039}.Release|Any CPU.Build.0 = Release|Any CPU
	EndGlobalSection
	GlobalSection(NestedProjects) = preSolution
		{F7DE4405-3FCD-497D-B1B1-BC8351C5804B} = {82BEA5C1-F7C7-4E61-A426-0A27E34EC2AA}
		{28D4D2A6-E4B6-431A-AD7B-398C13EEB84D} = {82BEA5C1-F7C7-4E61-A426-0A27E34EC2AA}
		{3CC91C78-C109-4897-9FAC-18BAE06D9254} = {82BEA5C1-F7C7-4E61-A426-0A27E34EC2AA}
		{C7E7C503-605D-490D-92A7-F86B6654A039} = {82BEA5C1-F7C7-4E61-A426-0A27E34EC2AA}
	EndGlobalSection
EndGlobal
